dependencies:
- name: pblgllgs-common
  repository: file://../../pblgllgs-common
  version: 0.1.0
- name: configserver
  repository: file://../../pblgllgs-services/configserver
  version: 0.1.0
- name: accounts
  repository: file://../../pblgllgs-services/accounts
  version: 0.1.0
- name: cards
  repository: file://../../pblgllgs-services/cards
  version: 0.1.0
- name: loans
  repository: file://../../pblgllgs-services/loans
  version: 0.1.0
- name: gatewayserver
  repository: file://../../pblgllgs-services/gatewayserver
  version: 0.1.0
- name: message
  repository: file://../../pblgllgs-services/message
  version: 0.1.0
digest: sha256:50af0d4c2a979402c3f09ab640a12dbc4997cbe6e207fc87a5f9c6071f448dbb
generated: "2024-01-29T13:17:53.853047947-03:00"
